{
    "requires": true,
    "lockfileVersion": 1,
    "dependencies": {
        "antlr4": {
            "version": "4.8.0",
            "resolved": "https://registry.npmjs.org/antlr4/-/antlr4-4.8.0.tgz",
            "integrity": "sha512-en/MxQ4OkPgGJQ3wD/muzj1uDnFSzdFIhc2+c6bHZokWkuBb6RRvFjpWhPxWLbgQvaEzldJZ0GSQpfSAaE3hqg=="
        },
        "antlr4ts": {
            "version": "0.5.0-alpha.3",
            "resolved": "https://registry.npmjs.org/antlr4ts/-/antlr4ts-0.5.0-alpha.3.tgz",
            "integrity": "sha512-La89tKkGcHFIVuruv4Bm1esc3zLmES2NOTEwwNS1pudz+zx/0FNqQeUu9p48i9/QHKPVqjN87LB+q3buTg7oDQ=="
        },
        "antlr4ts-cli": {
            "version": "0.5.0-alpha.3",
            "resolved": "https://registry.npmjs.org/antlr4ts-cli/-/antlr4ts-cli-0.5.0-alpha.3.tgz",
            "integrity": "sha512-i6oyxfaXU6qnw4HgyeSIsOLlsvT7zU3vmenoJKFNVFP1QNodtJMZYpnyxc8TmOFpJs7fEoWanLavSSDEmcCZBQ==",
            "dev": true
        }
    }
}
